PODS:
  - Alamofire (4.0.1)
  - Kingfisher (3.1.1)
  - Nimble (4.1.0)
  - Quick (0.9.3)
  - SnapKit (3.0.1)

DEPENDENCIES:
  - Alamofire
  - Kingfisher
  - Nimble (~> 4.1.0)
  - Quick (~> 0.9.0)
  - SnapKit

SPEC CHECKSUMS:
  Alamofire: 7682d43245de14874acd142ec137b144aa1dd335
  Kingfisher: 12b755ae697cc9f0fd3e550db8417fa1233e09ab
  Nimble: 97a0a4cae5124c117115634b2d055d8c97d0af19
  Quick: 13a2a2b19a5d8e3ed4fd0c36ee46597fd77ebf71
  SnapKit: f818b8326d45b4e1c777d0ab27b5c0a3624bfdeb

PODFILE CHECKSUM: 54b17389fb0eef040ca55cde0f7e53d80cc25118

COCOAPODS: 1.1.1
